
Microsoft Visual Studio Solution File, Format Version 12.00
# Visual Studio Version 17
VisualStudioVersion = 17.7.34031.279
MinimumVisualStudioVersion = 10.0.40219.1
Project("{2150E333-8FDC-42A3-9474-1A3956D46DE8}") = "1-WindowsForm", "1-WindowsForm", "{B2DC7899-65D3-4841-8E3C-CE7BB9A85B98}"
EndProject
Project("{2150E333-8FDC-42A3-9474-1A3956D46DE8}") = "2-Aplicacao", "2-Aplicacao", "{B87A0F33-A40D-4E71-860B-0704C31C2A50}"
EndProject
Project("{2150E333-8FDC-42A3-9474-1A3956D46DE8}") = "3-Dominio", "3-Dominio", "{5FA4900D-4EC6-4C3C-8F4B-546CF74ACE07}"
EndProject
Project("{2150E333-8FDC-42A3-9474-1A3956D46DE8}") = "4-InfraEstrutura", "4-InfraEstrutura", "{5367C560-4947-4C0E-AE15-E51CFCA9205B}"
EndProject
Project("{2150E333-8FDC-42A3-9474-1A3956D46DE8}") = "5-Entidades", "5-Entidades", "{0C71A9D9-8E92-4821-91A3-7D3E57ACFE81}"
EndProject
Project("{9A19103F-16F7-4668-BE54-9A1E7A4F7556}") = "InfraEstrutura", "InfraEstrutura\InfraEstrutura.csproj", "{AB96B8AE-9489-4684-9E41-029F41F5B7EC}"
EndProject
Project("{9A19103F-16F7-4668-BE54-9A1E7A4F7556}") = "AutoRegistro", "WindowsForm\AutoRegistro.csproj", "{5BB05C2F-2B82-4337-9446-4E49143F073B}"
EndProject
Project("{9A19103F-16F7-4668-BE54-9A1E7A4F7556}") = "Aplicacao", "Aplicacao\Aplicacao.csproj", "{3C2180DB-3CF2-46C4-9ACC-CC757840F734}"
EndProject
Project("{9A19103F-16F7-4668-BE54-9A1E7A4F7556}") = "Dominio", "Dominio\Dominio.csproj", "{5CF4AB87-CA0D-4121-9577-A0B038DC1AF5}"
EndProject
Project("{9A19103F-16F7-4668-BE54-9A1E7A4F7556}") = "Entidades", "Entidades\Entidades.csproj", "{B8D63CC3-45DE-4A62-ABC4-9FBA28EC64EC}"
EndProject
Global
	GlobalSection(SolutionConfigurationPlatforms) = preSolution
		Debug|Any CPU = Debug|Any CPU
		Release|Any CPU = Release|Any CPU
	EndGlobalSection
	GlobalSection(ProjectConfigurationPlatforms) = postSolution
		{AB96B8AE-9489-4684-9E41-029F41F5B7EC}.Debug|Any CPU.ActiveCfg = Debug|Any CPU
		{AB96B8AE-9489-4684-9E41-029F41F5B7EC}.Debug|Any CPU.Build.0 = Debug|Any CPU
		{AB96B8AE-9489-4684-9E41-029F41F5B7EC}.Release|Any CPU.ActiveCfg = Release|Any CPU
		{AB96B8AE-9489-4684-9E41-029F41F5B7EC}.Release|Any CPU.Build.0 = Release|Any CPU
		{5BB05C2F-2B82-4337-9446-4E49143F073B}.Debug|Any CPU.ActiveCfg = Debug|Any CPU
		{5BB05C2F-2B82-4337-9446-4E49143F073B}.Debug|Any CPU.Build.0 = Debug|Any CPU
		{5BB05C2F-2B82-4337-9446-4E49143F073B}.Release|Any CPU.ActiveCfg = Release|Any CPU
		{5BB05C2F-2B82-4337-9446-4E49143F073B}.Release|Any CPU.Build.0 = Release|Any CPU
		{3C2180DB-3CF2-46C4-9ACC-CC757840F734}.Debug|Any CPU.ActiveCfg = Debug|Any CPU
		{3C2180DB-3CF2-46C4-9ACC-CC757840F734}.Debug|Any CPU.Build.0 = Debug|Any CPU
		{3C2180DB-3CF2-46C4-9ACC-CC757840F734}.Release|Any CPU.ActiveCfg = Release|Any CPU
		{3C2180DB-3CF2-46C4-9ACC-CC757840F734}.Release|Any CPU.Build.0 = Release|Any CPU
		{5CF4AB87-CA0D-4121-9577-A0B038DC1AF5}.Debug|Any CPU.ActiveCfg = Debug|Any CPU
		{5CF4AB87-CA0D-4121-9577-A0B038DC1AF5}.Debug|Any CPU.Build.0 = Debug|Any CPU
		{5CF4AB87-CA0D-4121-9577-A0B038DC1AF5}.Release|Any CPU.ActiveCfg = Release|Any CPU
		{5CF4AB87-CA0D-4121-9577-A0B038DC1AF5}.Release|Any CPU.Build.0 = Release|Any CPU
		{B8D63CC3-45DE-4A62-ABC4-9FBA28EC64EC}.Debug|Any CPU.ActiveCfg = Debug|Any CPU
		{B8D63CC3-45DE-4A62-ABC4-9FBA28EC64EC}.Debug|Any CPU.Build.0 = Debug|Any CPU
		{B8D63CC3-45DE-4A62-ABC4-9FBA28EC64EC}.Release|Any CPU.ActiveCfg = Release|Any CPU
		{B8D63CC3-45DE-4A62-ABC4-9FBA28EC64EC}.Release|Any CPU.Build.0 = Release|Any CPU
	EndGlobalSection
	GlobalSection(SolutionProperties) = preSolution
		HideSolutionNode = FALSE
	EndGlobalSection
	GlobalSection(NestedProjects) = preSolution
		{AB96B8AE-9489-4684-9E41-029F41F5B7EC} = {5367C560-4947-4C0E-AE15-E51CFCA9205B}
		{5BB05C2F-2B82-4337-9446-4E49143F073B} = {B2DC7899-65D3-4841-8E3C-CE7BB9A85B98}
		{3C2180DB-3CF2-46C4-9ACC-CC757840F734} = {B87A0F33-A40D-4E71-860B-0704C31C2A50}
		{5CF4AB87-CA0D-4121-9577-A0B038DC1AF5} = {5FA4900D-4EC6-4C3C-8F4B-546CF74ACE07}
		{B8D63CC3-45DE-4A62-ABC4-9FBA28EC64EC} = {0C71A9D9-8E92-4821-91A3-7D3E57ACFE81}
	EndGlobalSection
	GlobalSection(ExtensibilityGlobals) = postSolution
		SolutionGuid = {76726454-92F1-4D5C-A1B4-FB5EFA1990F4}
	EndGlobalSection
EndGlobal
